
Microsoft Visual Studio Solution File, Format Version 12.00
# Visual Studio Version 16
VisualStudioVersion = 16.0.29025.244
MinimumVisualStudioVersion = 10.0.40219.1
Project("{FAE04EC0-301F-11D3-BF4B-00C04F79EFBC}") = "Darwinizator", "Darwinizator\Darwinizator.csproj", "{E3244711-2FC5-413F-B369-BE4193419BF2}"
EndProject
Project("{FAE04EC0-301F-11D3-BF4B-00C04F79EFBC}") = "Playground", "Playground\Playground.csproj", "{A99CA596-4F19-4C5C-B9C1-A99E50D590D8}"
EndProject
Global
	GlobalSection(SolutionConfigurationPlatforms) = preSolution
		Debug|Any CPU = Debug|Any CPU
		Release|Any CPU = Release|Any CPU
	EndGlobalSection
	GlobalSection(ProjectConfigurationPlatforms) = postSolution
		{E3244711-2FC5-413F-B369-BE4193419BF2}.Debug|Any CPU.ActiveCfg = Debug|Any CPU
		{E3244711-2FC5-413F-B369-BE4193419BF2}.Debug|Any CPU.Build.0 = Debug|Any CPU
		{E3244711-2FC5-413F-B369-BE4193419BF2}.Release|Any CPU.ActiveCfg = Release|Any CPU
		{E3244711-2FC5-413F-B369-BE4193419BF2}.Release|Any CPU.Build.0 = Release|Any CPU
		{A99CA596-4F19-4C5C-B9C1-A99E50D590D8}.Debug|Any CPU.ActiveCfg = Debug|Any CPU
		{A99CA596-4F19-4C5C-B9C1-A99E50D590D8}.Debug|Any CPU.Build.0 = Debug|Any CPU
		{A99CA596-4F19-4C5C-B9C1-A99E50D590D8}.Release|Any CPU.ActiveCfg = Release|Any CPU
		{A99CA596-4F19-4C5C-B9C1-A99E50D590D8}.Release|Any CPU.Build.0 = Release|Any CPU
	EndGlobalSection
	GlobalSection(SolutionProperties) = preSolution
		HideSolutionNode = FALSE
	EndGlobalSection
	GlobalSection(ExtensibilityGlobals) = postSolution
		SolutionGuid = {66E41DE3-FA6D-43DD-91D4-2FDC9E6D584D}
	EndGlobalSection
EndGlobal
